
Microsoft Visual Studio Solution File, Format Version 12.00
# Visual Studio Version 17
VisualStudioVersion = 17.3.32804.467
MinimumVisualStudioVersion = 10.0.40219.1
Project("{9A19103F-16F7-4668-BE54-9A1E7A4F7556}") = "API", "API\API.csproj", "{467B597D-55D4-4D4C-89BA-3A07782EBFA6}"
EndProject
Project("{9A19103F-16F7-4668-BE54-9A1E7A4F7556}") = "MovieWeb", "MovieWeb\MovieWeb.csproj", "{CA49F0E9-B974-4C2A-A67C-79AC188D89DE}"
EndProject
Project("{FAE04EC0-301F-11D3-BF4B-00C04F79EFBC}") = "RDLCDesign", "RDLCDesign\RDLCDesign.csproj", "{AC4C2CA5-DE36-4F36-82D2-EF0C0627EA3D}"
EndProject
Global
	GlobalSection(SolutionConfigurationPlatforms) = preSolution
		Debug|Any CPU = Debug|Any CPU
		Release|Any CPU = Release|Any CPU
	EndGlobalSection
	GlobalSection(ProjectConfigurationPlatforms) = postSolution
		{467B597D-55D4-4D4C-89BA-3A07782EBFA6}.Debug|Any CPU.ActiveCfg = Debug|Any CPU
		{467B597D-55D4-4D4C-89BA-3A07782EBFA6}.Debug|Any CPU.Build.0 = Debug|Any CPU
		{467B597D-55D4-4D4C-89BA-3A07782EBFA6}.Release|Any CPU.ActiveCfg = Release|Any CPU
		{467B597D-55D4-4D4C-89BA-3A07782EBFA6}.Release|Any CPU.Build.0 = Release|Any CPU
		{CA49F0E9-B974-4C2A-A67C-79AC188D89DE}.Debug|Any CPU.ActiveCfg = Debug|Any CPU
		{CA49F0E9-B974-4C2A-A67C-79AC188D89DE}.Debug|Any CPU.Build.0 = Debug|Any CPU
		{CA49F0E9-B974-4C2A-A67C-79AC188D89DE}.Release|Any CPU.ActiveCfg = Release|Any CPU
		{CA49F0E9-B974-4C2A-A67C-79AC188D89DE}.Release|Any CPU.Build.0 = Release|Any CPU
		{AC4C2CA5-DE36-4F36-82D2-EF0C0627EA3D}.Debug|Any CPU.ActiveCfg = Debug|Any CPU
		{AC4C2CA5-DE36-4F36-82D2-EF0C0627EA3D}.Debug|Any CPU.Build.0 = Debug|Any CPU
		{AC4C2CA5-DE36-4F36-82D2-EF0C0627EA3D}.Release|Any CPU.ActiveCfg = Release|Any CPU
		{AC4C2CA5-DE36-4F36-82D2-EF0C0627EA3D}.Release|Any CPU.Build.0 = Release|Any CPU
	EndGlobalSection
	GlobalSection(SolutionProperties) = preSolution
		HideSolutionNode = FALSE
	EndGlobalSection
	GlobalSection(ExtensibilityGlobals) = postSolution
		SolutionGuid = {84C35E6C-79FC-4072-838F-8EDE747AD7D6}
	EndGlobalSection
EndGlobal
